// !$*UTF8*$!
{
	archiveVersion = 1;
	classes = {
	};
	objectVersion = 46;
	objects = {

/* Begin PBXBuildFile section */
		74891EF61F171D6E002F3BAA /* AppDelegate.swift in Sources */ = {isa = PBXBuildFile; fileRef = 74891EF51F171D6E002F3BAA /* AppDelegate.swift */; };
		74891EF81F171D6E002F3BAA /* ViewController.swift in Sources */ = {isa = PBXBuildFile; fileRef = 74891EF71F171D6E002F3BAA /* ViewController.swift */; };
		74891EFB1F171D6E002F3BAA /* Main.storyboard in Resources */ = {isa = PBXBuildFile; fileRef = 74891EF91F171D6E002F3BAA /* Main.storyboard */; };
		74891EFD1F171D6E002F3BAA /* Assets.xcassets in Resources */ = {isa = PBXBuildFile; fileRef = 74891EFC1F171D6E002F3BAA /* Assets.xcassets */; };
		74891F001F171D6E002F3BAA /* LaunchScreen.storyboard in Resources */ = {isa = PBXBuildFile; fileRef = 74891EFE1F171D6E002F3BAA /* LaunchScreen.storyboard */; };
		74891F0B1F171D6E002F3BAA /* ListinTests.swift in Sources */ = {isa = PBXBuildFile; fileRef = 74891F0A1F171D6E002F3BAA /* ListinTests.swift */; };
		74891F161F171D6E002F3BAA /* ListinUITests.swift in Sources */ = {isa = PBXBuildFile; fileRef = 74891F151F171D6E002F3BAA /* ListinUITests.swift */; };
/* End PBXBuildFile section */

/* Begin PBXContainerItemProxy section */
		74891F071F171D6E002F3BAA /* PBXContainerItemProxy */ = {
			isa = PBXContainerItemProxy;
			containerPortal = 74891EEA1F171D6E002F3BAA /* Project object */;
			proxyType = 1;
			remoteGlobalIDString = 74891EF11F171D6E002F3BAA;
			remoteInfo = Listin;
		};
		74891F121F171D6E002F3BAA /* PBXContainerItemProxy */ = {
			isa = PBXContainerItemProxy;
			containerPortal = 74891EEA1F171D6E002F3BAA /* Project object */;
			proxyType = 1;
			remoteGlobalIDString = 74891EF11F171D6E002F3BAA;
			remoteInfo = Listin;
		};
/* End PBXContainerItemProxy section */

/* Begin PBXFileReference section */
		74891EF21F171D6E002F3BAA /* Listin.app */ = {isa = PBXFileReference; explicitFileType = wrapper.application; includeInIndex = 0; path = Listin.app; sourceTree = BUILT_PRODUCTS_DIR; };
		74891EF51F171D6E002F3BAA /* AppDelegate.swift */ = {isa = PBXFileReference; lastKnownFileType = sourcecode.swift; path = AppDelegate.swift; sourceTree = "<group>"; };
		74891EF71F171D6E002F3BAA /* ViewController.swift */ = {isa = PBXFileReference; lastKnownFileType = sourcecode.swift; path = ViewController.swift; sourceTree = "<group>"; };
		74891EFA1F171D6E002F3BAA /* Base */ = {isa = PBXFileReference; lastKnownFileType = file.storyboard; name = Base; path = Base.lproj/Main.storyboard; sourceTree = "<group>"; };
		74891EFC1F171D6E002F3BAA /* Assets.xcassets */ = {isa = PBXFileReference; lastKnownFileType = folder.assetcatalog; path = Assets.xcassets; sourceTree = "<group>"; };
		74891EFF1F171D6E002F3BAA /* Base */ = {isa = PBXFileReference; lastKnownFileType = file.storyboard; name = Base; path = Base.lproj/LaunchScreen.storyboard; sourceTree = "<group>"; };
		74891F011F171D6E002F3BAA /* Info.plist */ = {isa = PBXFileReference; lastKnownFileType = text.plist.xml; path = Info.plist; sourceTree = "<group>"; };
		74891F061F171D6E002F3BAA /* ListinTests.xctest */ = {isa = PBXFileReference; explicitFileType = wrapper.cfbundle; includeInIndex = 0; path = ListinTests.xctest; sourceTree = BUILT_PRODUCTS_DIR; };
		74891F0A1F171D6E002F3BAA /* ListinTests.swift */ = {isa = PBXFileReference; lastKnownFileType = sourcecode.swift; path = ListinTests.swift; sourceTree = "<group>"; };
		74891F0C1F171D6E002F3BAA /* Info.plist */ = {isa = PBXFileReference; lastKnownFileType = text.plist.xml; path = Info.plist; sourceTree = "<group>"; };
		74891F111F171D6E002F3BAA /* ListinUITests.xctest */ = {isa = PBXFileReference; explicitFileType = wrapper.cfbundle; includeInIndex = 0; path = ListinUITests.xctest; sourceTree = BUILT_PRODUCTS_DIR; };
		74891F151F171D6E002F3BAA /* ListinUITests.swift */ = {isa = PBXFileReference; lastKnownFileType = sourcecode.swift; path = ListinUITests.swift; sourceTree = "<group>"; };
		74891F171F171D6E002F3BAA /* Info.plist */ = {isa = PBXFileReference; lastKnownFileType = text.plist.xml; path = Info.plist; sourceTree = "<group>"; };
/* End PBXFileReference section */

/* Begin PBXFrameworksBuildPhase section */
		74891EEF1F171D6E002F3BAA /* Frameworks */ = {
			isa = PBXFrameworksBuildPhase;
			buildActionMask = 2147483647;
			files = (
			);
			runOnlyForDeploymentPostprocessing = 0;
		};
		74891F031F171D6E002F3BAA /* Frameworks */ = {
			isa = PBXFrameworksBuildPhase;
			buildActionMask = 2147483647;
			files = (
			);
			runOnlyForDeploymentPostprocessing = 0;
		};
		74891F0E1F171D6E002F3BAA /* Frameworks */ = {
			isa = PBXFrameworksBuildPhase;
			buildActionMask = 2147483647;
			files = (
			);
			runOnlyForDeploymentPostprocessing = 0;
		};
/* End PBXFrameworksBuildPhase section */

/* Begin PBXGroup section */
		74891EE91F171D6E002F3BAA = {
			isa = PBXGroup;
			children = (
				74891EF41F171D6E002F3BAA /* Listin */,
				74891F091F171D6E002F3BAA /* ListinTests */,
				74891F141F171D6E002F3BAA /* ListinUITests */,
				74891EF31F171D6E002F3BAA /* Products */,
			);
			sourceTree = "<group>";
		};
		74891EF31F171D6E002F3BAA /* Products */ = {
			isa = PBXGroup;
			children = (
				74891EF21F171D6E002F3BAA /* Listin.app */,
				74891F061F171D6E002F3BAA /* ListinTests.xctest */,
				74891F111F171D6E002F3BAA /* ListinUITests.xctest */,
			);
			name = Products;
			sourceTree = "<group>";
		};
		74891EF41F171D6E002F3BAA /* Listin */ = {
			isa = PBXGroup;
			children = (
				74891EF51F171D6E002F3BAA /* AppDelegate.swift */,
				74891EF71F171D6E002F3BAA /* ViewController.swift */,
				74891EF91F171D6E002F3BAA /* Main.storyboard */,
				74891EFC1F171D6E002F3BAA /* Assets.xcassets */,
				74891EFE1F171D6E002F3BAA /* LaunchScreen.storyboard */,
				74891F011F171D6E002F3BAA /* Info.plist */,
			);
			path = Listin;
			sourceTree = "<group>";
		};
		74891F091F171D6E002F3BAA /* ListinTests */ = {
			isa = PBXGroup;
			children = (
				74891F0A1F171D6E002F3BAA /* ListinTests.swift */,
				74891F0C1F171D6E002F3BAA /* Info.plist */,
			);
			path = ListinTests;
			sourceTree = "<group>";
		};
		74891F141F171D6E002F3BAA /* ListinUITests */ = {
			isa = PBXGroup;
			children = (
				74891F151F171D6E002F3BAA /* ListinUITests.swift */,
				74891F171F171D6E002F3BAA /* Info.plist */,
			);
			path = ListinUITests;
			sourceTree = "<group>";
		};
/* End PBXGroup section */

/* Begin PBXNativeTarget section */
		74891EF11F171D6E002F3BAA /* Listin */ = {
			isa = PBXNativeTarget;
			buildConfigurationList = 74891F1A1F171D6E002F3BAA /* Build configuration list for PBXNativeTarget "Listin" */;
			buildPhases = (
				74891EEE1F171D6E002F3BAA /* Sources */,
				74891EEF1F171D6E002F3BAA /* Frameworks */,
				74891EF01F171D6E002F3BAA /* Resources */,
			);
			buildRules = (
			);
			dependencies = (
			);
			name = Listin;
			productName = Listin;
			productReference = 74891EF21F171D6E002F3BAA /* Listin.app */;
			productType = "com.apple.product-type.application";
		};
		74891F051F171D6E002F3BAA /* ListinTests */ = {
			isa = PBXNativeTarget;
			buildConfigurationList = 74891F1D1F171D6E002F3BAA /* Build configuration list for PBXNativeTarget "ListinTests" */;
			buildPhases = (
				74891F021F171D6E002F3BAA /* Sources */,
				74891F031F171D6E002F3BAA /* Frameworks */,
				74891F041F171D6E002F3BAA /* Resources */,
			);
			buildRules = (
			);
			dependencies = (
				74891F081F171D6E002F3BAA /* PBXTargetDependency */,
			);
			name = ListinTests;
			productName = ListinTests;
			productReference = 74891F061F171D6E002F3BAA /* ListinTests.xctest */;
			productType = "com.apple.product-type.bundle.unit-test";
		};
		74891F101F171D6E002F3BAA /* ListinUITests */ = {
			isa = PBXNativeTarget;
			buildConfigurationList = 74891F201F171D6E002F3BAA /* Build configuration list for PBXNativeTarget "ListinUITests" */;
			buildPhases = (
				74891F0D1F171D6E002F3BAA /* Sources */,
				74891F0E1F171D6E002F3BAA /* Frameworks */,
				74891F0F1F171D6E002F3BAA /* Resources */,
			);
			buildRules = (
			);
			dependencies = (
				74891F131F171D6E002F3BAA /* PBXTargetDependency */,
			);
			name = ListinUITests;
			productName = ListinUITests;
			productReference = 74891F111F171D6E002F3BAA /* ListinUITests.xctest */;
			productType = "com.apple.product-type.bundle.ui-testing";
		};
/* End PBXNativeTarget section */

/* Begin PBXProject section */
		74891EEA1F171D6E002F3BAA /* Project object */ = {
			isa = PBXProject;
			attributes = {
				LastSwiftUpdateCheck = 0830;
				LastUpgradeCheck = 0830;
				ORGANIZATIONNAME = Swiftbeard;
				TargetAttributes = {
					74891EF11F171D6E002F3BAA = {
						CreatedOnToolsVersion = 8.3.3;
						DevelopmentTeam = BXEL354SU6;
						ProvisioningStyle = Automatic;
					};
					74891F051F171D6E002F3BAA = {
						CreatedOnToolsVersion = 8.3.3;
						DevelopmentTeam = BXEL354SU6;
						ProvisioningStyle = Automatic;
						TestTargetID = 74891EF11F171D6E002F3BAA;
					};
					74891F101F171D6E002F3BAA = {
						CreatedOnToolsVersion = 8.3.3;
						DevelopmentTeam = BXEL354SU6;
						ProvisioningStyle = Automatic;
						TestTargetID = 74891EF11F171D6E002F3BAA;
					};
				};
			};
			buildConfigurationList = 74891EED1F171D6E002F3BAA /* Build configuration list for PBXProject "Listin" */;
			compatibilityVersion = "Xcode 3.2";
			developmentRegion = English;
			hasScannedForEncodings = 0;
			knownRegions = (
				en,
				Base,
			);
			mainGroup = 74891EE91F171D6E002F3BAA;
			productRefGroup = 74891EF31F171D6E002F3BAA /* Products */;
			projectDirPath = "";
			projectRoot = "";
			targets = (
				74891EF11F171D6E002F3BAA /* Listin */,
				74891F051F171D6E002F3BAA /* ListinTests */,
				74891F101F171D6E002F3BAA /* ListinUITests */,
			);
		};
/* End PBXProject section */

/* Begin PBXResourcesBuildPhase section */
		74891EF01F171D6E002F3BAA /* Resources */ = {
			isa = PBXResourcesBuildPhase;
			buildActionMask = 2147483647;
			files = (
				74891F001F171D6E002F3BAA /* LaunchScreen.storyboard in Resources */,
				74891EFD1F171D6E002F3BAA /* Assets.xcassets in Resources */,
				74891EFB1F171D6E002F3BAA /* Main.storyboard in Resources */,
			);
			runOnlyForDeploymentPostprocessing = 0;
		};
		74891F041F171D6E002F3BAA /* Resources */ = {
			isa = PBXResourcesBuildPhase;
			buildActionMask = 2147483647;
			files = (
			);
			runOnlyForDeploymentPostprocessing = 0;
		};
		74891F0F1F171D6E002F3BAA /* Resources */ = {
			isa = PBXResourcesBuildPhase;
			buildActionMask = 2147483647;
			files = (
			);
			runOnlyForDeploymentPostprocessing = 0;
		};
/* End PBXResourcesBuildPhase section */

/* Begin PBXSourcesBuildPhase section */
		74891EEE1F171D6E002F3BAA /* Sources */ = {
			isa = PBXSourcesBuildPhase;
			buildActionMask = 2147483647;
			files = (
				74891EF81F171D6E002F3BAA /* ViewController.swift in Sources */,
				74891EF61F171D6E002F3BAA /* AppDelegate.swift in Sources */,
			);
			runOnlyForDeploymentPostprocessing = 0;
		};
		74891F021F171D6E002F3BAA /* Sources */ = {
			isa = PBXSourcesBuildPhase;
			buildActionMask = 2147483647;
			files = (
				74891F0B1F171D6E002F3BAA /* ListinTests.swift in Sources */,
			);
			runOnlyForDeploymentPostprocessing = 0;
		};
		74891F0D1F171D6E002F3BAA /* Sources */ = {
			isa = PBXSourcesBuildPhase;
			buildActionMask = 2147483647;
			files = (
				74891F161F171D6E002F3BAA /* ListinUITests.swift in Sources */,
			);
			runOnlyForDeploymentPostprocessing = 0;
		};
/* End PBXSourcesBuildPhase section */

/* Begin PBXTargetDependency section */
		74891F081F171D6E002F3BAA /* PBXTargetDependency */ = {
			isa = PBXTargetDependency;
			target = 74891EF11F171D6E002F3BAA /* Listin */;
			targetProxy = 74891F071F171D6E002F3BAA /* PBXContainerItemProxy */;
		};
		74891F131F171D6E002F3BAA /* PBXTargetDependency */ = {
			isa = PBXTargetDependency;
			target = 74891EF11F171D6E002F3BAA /* Listin */;
			targetProxy = 74891F121F171D6E002F3BAA /* PBXContainerItemProxy */;
		};
/* End PBXTargetDependency section */

/* Begin PBXVariantGroup section */
		74891EF91F171D6E002F3BAA /* Main.storyboard */ = {
			isa = PBXVariantGroup;
			children = (
				74891EFA1F171D6E002F3BAA /* Base */,
			);
			name = Main.storyboard;
			sourceTree = "<group>";
		};
		74891EFE1F171D6E002F3BAA /* LaunchScreen.storyboard */ = {
			isa = PBXVariantGroup;
			children = (
				74891EFF1F171D6E002F3BAA /* Base */,
			);
			name = LaunchScreen.storyboard;
			sourceTree = "<group>";
		};
/* End PBXVariantGroup section */

/* Begin XCBuildConfiguration section */
		74891F181F171D6E002F3BAA /* Debug */ = {
			isa = XCBuildConfiguration;
			buildSettings = {
				ALWAYS_SEARCH_USER_PATHS = NO;
				CLANG_ANALYZER_NONNULL = YES;
				CLANG_ANALYZER_NUMBER_OBJECT_CONVERSION = YES_AGGRESSIVE;
				CLANG_CXX_LANGUAGE_STANDARD = "gnu++0x";
				CLANG_CXX_LIBRARY = "libc++";
				CLANG_ENABLE_MODULES = YES;
				CLANG_ENABLE_OBJC_ARC = YES;
				CLANG_WARN_BOOL_CONVERSION = YES;
				CLANG_WARN_CONSTANT_CONVERSION = YES;
				CLANG_WARN_DIRECT_OBJC_ISA_USAGE = YES_ERROR;
				CLANG_WARN_DOCUMENTATION_COMMENTS = YES;
				CLANG_WARN_EMPTY_BODY = YES;
				CLANG_WARN_ENUM_CONVERSION = YES;
				CLANG_WARN_INFINITE_RECURSION = YES;
				CLANG_WARN_INT_CONVERSION = YES;
				CLANG_WARN_OBJC_ROOT_CLASS = YES_ERROR;
				CLANG_WARN_SUSPICIOUS_MOVE = YES;
				CLANG_WARN_UNREACHABLE_CODE = YES;
				CLANG_WARN__DUPLICATE_METHOD_MATCH = YES;
				"CODE_SIGN_IDENTITY[sdk=iphoneos*]" = "iPhone Developer";
				COPY_PHASE_STRIP = NO;
				DEBUG_INFORMATION_FORMAT = dwarf;
				ENABLE_STRICT_OBJC_MSGSEND = YES;
				ENABLE_TESTABILITY = YES;
				GCC_C_LANGUAGE_STANDARD = gnu99;
				GCC_DYNAMIC_NO_PIC = NO;
				GCC_NO_COMMON_BLOCKS = YES;
				GCC_OPTIMIZATION_LEVEL = 0;
				GCC_PREPROCESSOR_DEFINITIONS = (
					"DEBUG=1",
					"$(inherited)",
				);
				GCC_WARN_64_TO_32_BIT_CONVERSION = YES;
				GCC_WARN_ABOUT_RETURN_TYPE = YES_ERROR;
				GCC_WARN_UNDECLARED_SELECTOR = YES;
				GCC_WARN_UNINITIALIZED_AUTOS = YES_AGGRESSIVE;
				GCC_WARN_UNUSED_FUNCTION = YES;
				GCC_WARN_UNUSED_VARIABLE = YES;
				IPHONEOS_DEPLOYMENT_TARGET = 10.3;
				MTL_ENABLE_DEBUG_INFO = YES;
				ONLY_ACTIVE_ARCH = YES;
				SDKROOT = iphoneos;
				SWIFT_ACTIVE_COMPILATION_CONDITIONS = DEBUG;
				SWIFT_OPTIMIZATION_LEVEL = "-Onone";
				TARGETED_DEVICE_FAMILY = "1,2";
			};
			name = Debug;
		};
		74891F191F171D6E002F3BAA /* Release */ = {
			isa = XCBuildConfiguration;
			buildSettings = {
				ALWAYS_SEARCH_USER_PATHS = NO;
				CLANG_ANALYZER_NONNULL = YES;
				CLANG_ANALYZER_NUMBER_OBJECT_CONVERSION = YES_AGGRESSIVE;
				CLANG_CXX_LANGUAGE_STANDARD = "gnu++0x";
				CLANG_CXX_LIBRARY = "libc++";
				CLANG_ENABLE_MODULES = YES;
				CLANG_ENABLE_OBJC_ARC = YES;
				CLANG_WARN_BOOL_CONVERSION = YES;
				CLANG_WARN_CONSTANT_CONVERSION = YES;
				CLANG_WARN_DIRECT_OBJC_ISA_USAGE = YES_ERROR;
				CLANG_WARN_DOCUMENTATION_COMMENTS = YES;
				CLANG_WARN_EMPTY_BODY = YES;
				CLANG_WARN_ENUM_CONVERSION = YES;
				CLANG_WARN_INFINITE_RECURSION = YES;
				CLANG_WARN_INT_CONVERSION = YES;
				CLANG_WARN_OBJC_ROOT_CLASS = YES_ERROR;
				CLANG_WARN_SUSPICIOUS_MOVE = YES;
				CLANG_WARN_UNREACHABLE_CODE = YES;
				CLANG_WARN__DUPLICATE_METHOD_MATCH = YES;
				"CODE_SIGN_IDENTITY[sdk=iphoneos*]" = "iPhone Developer";
				COPY_PHASE_STRIP = NO;
				DEBUG_INFORMATION_FORMAT = "dwarf-with-dsym";
				ENABLE_NS_ASSERTIONS = NO;
				ENABLE_STRICT_OBJC_MSGSEND = YES;
				GCC_C_LANGUAGE_STANDARD = gnu99;
				GCC_NO_COMMON_BLOCKS = YES;
				GCC_WARN_64_TO_32_BIT_CONVERSION = YES;
				GCC_WARN_ABOUT_RETURN_TYPE = YES_ERROR;
				GCC_WARN_UNDECLARED_SELECTOR = YES;
				GCC_WARN_UNINITIALIZED_AUTOS = YES_AGGRESSIVE;
				GCC_WARN_UNUSED_FUNCTION = YES;
				GCC_WARN_UNUSED_VARIABLE = YES;
				IPHONEOS_DEPLOYMENT_TARGET = 10.3;
				MTL_ENABLE_DEBUG_INFO = NO;
				SDKROOT = iphoneos;
				SWIFT_OPTIMIZATION_LEVEL = "-Owholemodule";
				TARGETED_DEVICE_FAMILY = "1,2";
				VALIDATE_PRODUCT = YES;
			};
			name = Release;
		};
		74891F1B1F171D6E002F3BAA /* Debug */ = {
			isa = XCBuildConfiguration;
			buildSettings = {
				ASSETCATALOG_COMPILER_APPICON_NAME = AppIcon;
				DEVELOPMENT_TEAM = BXEL354SU6;
				INFOPLIST_FILE = Listin/Info.plist;
				LD_RUNPATH_SEARCH_PATHS = "$(inherited) @executable_path/Frameworks";
				PRODUCT_BUNDLE_IDENTIFIER = com.swiftbeard.Listin;
				PRODUCT_NAME = "$(TARGET_NAME)";
				SWIFT_VERSION = 3.0;
			};
			name = Debug;
		};
		74891F1C1F171D6E002F3BAA /* Release */ = {
			isa = XCBuildConfiguration;
			buildSettings = {
				ASSETCATALOG_COMPILER_APPICON_NAME = AppIcon;
				DEVELOPMENT_TEAM = BXEL354SU6;
				INFOPLIST_FILE = Listin/Info.plist;
				LD_RUNPATH_SEARCH_PATHS = "$(inherited) @executable_path/Frameworks";
				PRODUCT_BUNDLE_IDENTIFIER = com.swiftbeard.Listin;
				PRODUCT_NAME = "$(TARGET_NAME)";
				SWIFT_VERSION = 3.0;
			};
			name = Release;
		};
		74891F1E1F171D6E002F3BAA /* Debug */ = {
			isa = XCBuildConfiguration;
			buildSettings = {
				ALWAYS_EMBED_SWIFT_STANDARD_LIBRARIES = YES;
				BUNDLE_LOADER = "$(TEST_HOST)";
				DEVELOPMENT_TEAM = BXEL354SU6;
				INFOPLIST_FILE = ListinTests/Info.plist;
				LD_RUNPATH_SEARCH_PATHS = "$(inherited) @executable_path/Frameworks @loader_path/Frameworks";
				PRODUCT_BUNDLE_IDENTIFIER = com.swiftbeard.ListinTests;
				PRODUCT_NAME = "$(TARGET_NAME)";
				SWIFT_VERSION = 3.0;
				TEST_HOST = "$(BUILT_PRODUCTS_DIR)/Listin.app/Listin";
			};
			name = Debug;
		};
		74891F1F1F171D6E002F3BAA /* Release */ = {
			isa = XCBuildConfiguration;
			buildSettings = {
				ALWAYS_EMBED_SWIFT_STANDARD_LIBRARIES = YES;
				BUNDLE_LOADER = "$(TEST_HOST)";
				DEVELOPMENT_TEAM = BXEL354SU6;
				INFOPLIST_FILE = ListinTests/Info.plist;
				LD_RUNPATH_SEARCH_PATHS = "$(inherited) @executable_path/Frameworks @loader_path/Frameworks";
				PRODUCT_BUNDLE_IDENTIFIER = com.swiftbeard.ListinTests;
				PRODUCT_NAME = "$(TARGET_NAME)";
				SWIFT_VERSION = 3.0;
				TEST_HOST = "$(BUILT_PRODUCTS_DIR)/Listin.app/Listin";
			};
			name = Release;
		};
		74891F211F171D6E002F3BAA /* Debug */ = {
			isa = XCBuildConfiguration;
			buildSettings = {
				ALWAYS_EMBED_SWIFT_STANDARD_LIBRARIES = YES;
				DEVELOPMENT_TEAM = BXEL354SU6;
				INFOPLIST_FILE = ListinUITests/Info.plist;
				LD_RUNPATH_SEARCH_PATHS = "$(inherited) @executable_path/Frameworks @loader_path/Frameworks";
				PRODUCT_BUNDLE_IDENTIFIER = com.swiftbeard.ListinUITests;
				PRODUCT_NAME = "$(TARGET_NAME)";
				SWIFT_VERSION = 3.0;
				TEST_TARGET_NAME = Listin;
			};
			name = Debug;
		};
		74891F221F171D6E002F3BAA /* Release */ = {
			isa = XCBuildConfiguration;
			buildSettings = {
				ALWAYS_EMBED_SWIFT_STANDARD_LIBRARIES = YES;
				DEVELOPMENT_TEAM = BXEL354SU6;
				INFOPLIST_FILE = ListinUITests/Info.plist;
				LD_RUNPATH_SEARCH_PATHS = "$(inherited) @executable_path/Frameworks @loader_path/Frameworks";
				PRODUCT_BUNDLE_IDENTIFIER = com.swiftbeard.ListinUITests;
				PRODUCT_NAME = "$(TARGET_NAME)";
				SWIFT_VERSION = 3.0;
				TEST_TARGET_NAME = Listin;
			};
			name = Release;
		};
/* End XCBuildConfiguration section */

/* Begin XCConfigurationList section */
		74891EED1F171D6E002F3BAA /* Build configuration list for PBXProject "Listin" */ = {
			isa = XCConfigurationList;
			buildConfigurations = (
				74891F181F171D6E002F3BAA /* Debug */,
				74891F191F171D6E002F3BAA /* Release */,
			);
			defaultConfigurationIsVisible = 0;
			defaultConfigurationName = Release;
		};
		74891F1A1F171D6E002F3BAA /* Build configuration list for PBXNativeTarget "Listin" */ = {
			isa = XCConfigurationList;
			buildConfigurations = (
				74891F1B1F171D6E002F3BAA /* Debug */,
				74891F1C1F171D6E002F3BAA /* Release */,
			);
			defaultConfigurationIsVisible = 0;
		};
		74891F1D1F171D6E002F3BAA /* Build configuration list for PBXNativeTarget "ListinTests" */ = {
			isa = XCConfigurationList;
			buildConfigurations = (
				74891F1E1F171D6E002F3BAA /* Debug */,
				74891F1F1F171D6E002F3BAA /* Release */,
			);
			defaultConfigurationIsVisible = 0;
		};
		74891F201F171D6E002F3BAA /* Build configuration list for PBXNativeTarget "ListinUITests" */ = {
			isa = XCConfigurationList;
			buildConfigurations = (
				74891F211F171D6E002F3BAA /* Debug */,
				74891F221F171D6E002F3BAA /* Release */,
			);
			defaultConfigurationIsVisible = 0;
		};
/* End XCConfigurationList section */
	};
	rootObject = 74891EEA1F171D6E002F3BAA /* Project object */;
}
